
Microsoft Visual Studio Solution File, Format Version 12.00
# Blend for Visual Studio Version 17
VisualStudioVersion = 17.4.33213.308
MinimumVisualStudioVersion = 10.0.40219.1
Project("{FAE04EC0-301F-11D3-BF4B-00C04F79EFBC}") = "Abyss", "Abyss\Abyss.csproj", "{4D0DC25B-9FDE-490C-951D-579DF0BF04B8}"
EndProject
Global
	GlobalSection(SolutionConfigurationPlatforms) = preSolution
		Debug|Any CPU = Debug|Any CPU
		Release|Any CPU = Release|Any CPU
	EndGlobalSection
	GlobalSection(ProjectConfigurationPlatforms) = postSolution
		{4D0DC25B-9FDE-490C-951D-579DF0BF04B8}.Debug|Any CPU.ActiveCfg = Debug|Any CPU
		{4D0DC25B-9FDE-490C-951D-579DF0BF04B8}.Debug|Any CPU.Build.0 = Debug|Any CPU
		{4D0DC25B-9FDE-490C-951D-579DF0BF04B8}.Release|Any CPU.ActiveCfg = Release|Any CPU
		{4D0DC25B-9FDE-490C-951D-579DF0BF04B8}.Release|Any CPU.Build.0 = Release|Any CPU
	EndGlobalSection
	GlobalSection(SolutionProperties) = preSolution
		HideSolutionNode = FALSE
	EndGlobalSection
	GlobalSection(ExtensibilityGlobals) = postSolution
		SolutionGuid = {57F72869-E78A-425B-96C4-814D7D71B556}
	EndGlobalSection
EndGlobal
